
Microsoft Visual Studio Solution File, Format Version 12.00
# Visual Studio Version 17
VisualStudioVersion = 17.14.36717.8
MinimumVisualStudioVersion = 10.0.40219.1
Project("{FAE04EC0-301F-11D3-BF4B-00C04F79EFBC}") = "WPF.MVC", "WebProgramlamaFinal\WPF.MVC.csproj", "{8EA1BBBA-14B0-4061-8F09-44F18D696BB5}"
	ProjectSection(ProjectDependencies) = postProject
		{90848681-4E8D-471D-8A51-1AEE31453409} = {90848681-4E8D-471D-8A51-1AEE31453409}
		{F2856E11-62A7-4E7B-8EC7-DDCC7C8728E6} = {F2856E11-62A7-4E7B-8EC7-DDCC7C8728E6}
		{F3BF6148-3928-48BB-89C6-B99EB9BB0C1C} = {F3BF6148-3928-48BB-89C6-B99EB9BB0C1C}
	EndProjectSection
EndProject
Project("{FAE04EC0-301F-11D3-BF4B-00C04F79EFBC}") = "WPF.Data", "WPF.DataAccess\WPF.Data.csproj", "{F2856E11-62A7-4E7B-8EC7-DDCC7C8728E6}"
	ProjectSection(ProjectDependencies) = postProject
		{F3BF6148-3928-48BB-89C6-B99EB9BB0C1C} = {F3BF6148-3928-48BB-89C6-B99EB9BB0C1C}
	EndProjectSection
EndProject
Project("{FAE04EC0-301F-11D3-BF4B-00C04F79EFBC}") = "WPF.Models", "WPF.Models\WPF.Models.csproj", "{F3BF6148-3928-48BB-89C6-B99EB9BB0C1C}"
EndProject
Project("{FAE04EC0-301F-11D3-BF4B-00C04F79EFBC}") = "WPF.Services", "WPF.Services\WPF.Services.csproj", "{90848681-4E8D-471D-8A51-1AEE31453409}"
	ProjectSection(ProjectDependencies) = postProject
		{F2856E11-62A7-4E7B-8EC7-DDCC7C8728E6} = {F2856E11-62A7-4E7B-8EC7-DDCC7C8728E6}
		{F3BF6148-3928-48BB-89C6-B99EB9BB0C1C} = {F3BF6148-3928-48BB-89C6-B99EB9BB0C1C}
	EndProjectSection
EndProject
Global
	GlobalSection(SolutionConfigurationPlatforms) = preSolution
		Debug|Any CPU = Debug|Any CPU
		Release|Any CPU = Release|Any CPU
	EndGlobalSection
	GlobalSection(ProjectConfigurationPlatforms) = postSolution
		{8EA1BBBA-14B0-4061-8F09-44F18D696BB5}.Debug|Any CPU.ActiveCfg = Debug|Any CPU
		{8EA1BBBA-14B0-4061-8F09-44F18D696BB5}.Debug|Any CPU.Build.0 = Debug|Any CPU
		{8EA1BBBA-14B0-4061-8F09-44F18D696BB5}.Release|Any CPU.ActiveCfg = Release|Any CPU
		{8EA1BBBA-14B0-4061-8F09-44F18D696BB5}.Release|Any CPU.Build.0 = Release|Any CPU
		{F2856E11-62A7-4E7B-8EC7-DDCC7C8728E6}.Debug|Any CPU.ActiveCfg = Debug|Any CPU
		{F2856E11-62A7-4E7B-8EC7-DDCC7C8728E6}.Debug|Any CPU.Build.0 = Debug|Any CPU
		{F2856E11-62A7-4E7B-8EC7-DDCC7C8728E6}.Release|Any CPU.ActiveCfg = Release|Any CPU
		{F2856E11-62A7-4E7B-8EC7-DDCC7C8728E6}.Release|Any CPU.Build.0 = Release|Any CPU
		{F3BF6148-3928-48BB-89C6-B99EB9BB0C1C}.Debug|Any CPU.ActiveCfg = Debug|Any CPU
		{F3BF6148-3928-48BB-89C6-B99EB9BB0C1C}.Debug|Any CPU.Build.0 = Debug|Any CPU
		{F3BF6148-3928-48BB-89C6-B99EB9BB0C1C}.Release|Any CPU.ActiveCfg = Release|Any CPU
		{F3BF6148-3928-48BB-89C6-B99EB9BB0C1C}.Release|Any CPU.Build.0 = Release|Any CPU
		{90848681-4E8D-471D-8A51-1AEE31453409}.Debug|Any CPU.ActiveCfg = Debug|Any CPU
		{90848681-4E8D-471D-8A51-1AEE31453409}.Debug|Any CPU.Build.0 = Debug|Any CPU
		{90848681-4E8D-471D-8A51-1AEE31453409}.Release|Any CPU.ActiveCfg = Release|Any CPU
		{90848681-4E8D-471D-8A51-1AEE31453409}.Release|Any CPU.Build.0 = Release|Any CPU
	EndGlobalSection
	GlobalSection(SolutionProperties) = preSolution
		HideSolutionNode = FALSE
	EndGlobalSection
	GlobalSection(ExtensibilityGlobals) = postSolution
		SolutionGuid = {39D59886-E14E-4DEB-BA20-D758E69BEA76}
	EndGlobalSection
EndGlobal
